<?xml version="1.0" encoding="utf-8"?>
<Project ToolsVersion="4.0" xmlns="http://schemas.microsoft.com/developer/msbuild/2003">
  <ItemGroup>
    <Filter Include="Source Files">
      <UniqueIdentifier>{4FC737F1-C7A5-4376-A066-2A32D752A2FF}</UniqueIdentifier>
      <Extensions>cpp;c;cc;cxx;def;odl;idl;hpj;bat;asm;asmx</Extensions>
    </Filter>
    <Filter Include="Header Files">
      <UniqueIdentifier>{93995380-89BD-4b04-88EB-625FBE52EBFB}</UniqueIdentifier>
      <Extensions>h;hh;hpp;hxx;hm;inl;inc;xsd</Extensions>
    </Filter>
    <Filter Include="Resource Files">
      <UniqueIdentifier>{67DA6AB6-F800-4c08-8B7A-83BB121AAD01}</UniqueIdentifier>
      <Extensions>rc;ico;cur;bmp;dlg;rc2;rct;bin;rgs;gif;jpg;jpeg;jpe;resx;tiff;tif;png;wav;mfcribbon-ms</Extensions>
    </Filter>
    <Filter Include="Vertex Shaders">
      <UniqueIdentifier>{7c177456-7edb-4964-8c23-cc42f7336a86}</UniqueIdentifier>
    </Filter>
    <Filter Include="Fragment Shaders">
      <UniqueIdentifier>{334d39b5-0e6f-4c29-a1f2-ff2918447def}</UniqueIdentifier>
    </Filter>
    <Filter Include="Header Files\Meshes">
      <UniqueIdentifier>{778bef82-b783-423d-82f8-b7a2547d5a78}</UniqueIdentifier>
    </Filter>
    <Filter Include="Header Files\Lights">
      <UniqueIdentifier>{a8bf576b-321f-44a5-b5d3-01f40f3522e2}</UniqueIdentifier>
    </Filter>
    <Filter Include="Source Files\Lights">
      <UniqueIdentifier>{98cf8caa-4b89-4d6b-a530-d692475859af}</UniqueIdentifier>
    </Filter>
    <Filter Include="Header Files\Static Properties">
      <UniqueIdentifier>{ebba9c4b-a36e-42d7-915d-ca0f894e20a8}</UniqueIdentifier>
    </Filter>
  </ItemGroup>
  <ItemGroup>
    <None Include="lamp.vert">
      <Filter>Vertex Shaders</Filter>
    </None>
    <None Include="lamp.frag">
      <Filter>Fragment Shaders</Filter>
    </None>
    <None Include="flat_shader.frag">
      <Filter>Fragment Shaders</Filter>
    </None>
    <None Include="smooth_shader.frag">
      <Filter>Fragment Shaders</Filter>
    </None>
    <None Include="flat_shader.vert">
      <Filter>Vertex Shaders</Filter>
    </None>
    <None Include="smooth_shader.vert">
      <Filter>Vertex Shaders</Filter>
    </None>
    <None Include="2d_shader.frag">
      <Filter>Fragment Shaders</Filter>
    </None>
    <None Include="2d_shader.vert">
      <Filter>Vertex Shaders</Filter>
    </None>
    <None Include="text.frag">
      <Filter>Fragment Shaders</Filter>
    </None>
    <None Include="text.vert">
      <Filter>Vertex Shaders</Filter>
    </None>
  </ItemGroup>
  <ItemGroup>
    <ClCompile Include="main.cpp">
      <Filter>Source Files</Filter>
    </ClCompile>
    <ClCompile Include="PointLight.cpp">
      <Filter>Source Files\Lights</Filter>
    </ClCompile>
    <ClCompile Include="SpotLight.cpp">
      <Filter>Source Files\Lights</Filter>
    </ClCompile>
  </ItemGroup>
  <ItemGroup>
    <ClInclude Include="Shader.h">
      <Filter>Header Files</Filter>
    </ClInclude>
    <ClInclude Include="Camera.h">
      <Filter>Header Files</Filter>
    </ClInclude>
    <ClInclude Include="Material.h">
      <Filter>Header Files</Filter>
    </ClInclude>
    <ClInclude Include="Table.h">
      <Filter>Header Files\Meshes</Filter>
    </ClInclude>
    <ClInclude Include="Plane.h">
      <Filter>Header Files\Meshes</Filter>
    </ClInclude>
    <ClInclude Include="Chair.h">
      <Filter>Header Files\Meshes</Filter>
    </ClInclude>
    <ClInclude Include="PointLight.h">
      <Filter>Header Files\Lights</Filter>
    </ClInclude>
    <ClInclude Include="SpotLight.h">
      <Filter>Header Files\Lights</Filter>
    </ClInclude>
    <ClInclude Include="LightProperties.h">
      <Filter>Header Files\Static Properties</Filter>
    </ClInclude>
    <ClInclude Include="ObjectProperties.h">
      <Filter>Header Files\Static Properties</Filter>
    </ClInclude>
    <ClInclude Include="OrnamentProperties.h">
      <Filter>Header Files\Static Properties</Filter>
    </ClInclude>
  </ItemGroup>
</Project>